{
  "name": "project-ex03",
  "lockfileVersion": 2,
  "requires": true,
  "packages": {
    "": {
      "dependencies": {
        "jeongin-nodes": "file:../jeongin-nodes"
      }
    },
    "../jeongin-nodes": {
      "version": "1.0.0",
      "license": "ISC"
    },
    "node_modules/jeongin-nodes": {
      "resolved": "../jeongin-nodes",
      "link": true
    }
  },
  "dependencies": {
    "jeongin-nodes": {
      "version": "file:../jeongin-nodes"
    }
  }
}
